{
    "_readme": [
        "This file locks the dependencies of your project to a known state",
        "Read more about it at https://getcomposer.org/doc/01-basic-usage.md#installing-dependencies",
        "This file is @generated automatically"
    ],
    "content-hash": "a48027cebc5bbfccc90e18eecd1c01c1",
    "packages": [
        {
            "name": "paragonie/random_compat",
            "version": "v9.99.100",
            "source": {
                "type": "git",
                "url": "https://github.com/paragonie/random_compat.git",
                "reference": "996434e5492cb4c3edcb9168db6fbb1359ef965a"
            },
            "dist": {
                "type": "zip",
                "url": "https://api.github.com/repos/paragonie/random_compat/zipball/996434e5492cb4c3edcb9168db6fbb1359ef965a",
                "reference": "996434e5492cb4c3edcb9168db6fbb1359ef965a",
                "shasum": ""
            },
            "require": {
                "php": ">= 7"
            },
            "require-dev": {
                "phpunit/phpunit": "4.*|5.*",
                "vimeo/psalm": "^1"
            },
            "suggest": {
                "ext-libsodium": "Provides a modern crypto API that can be used to generate random bytes."
            },
            "type": "library",
            "notification-url": "https://packagist.org/downloads/",
            "license": [
                "MIT"
            ],
            "authors": [
                {
                    "name": "Paragon Initiative Enterprises",
                    "email": "security@paragonie.com",
                    "homepage": "https://paragonie.com"
                }
            ],
            "description": "PHP 5.x polyfill for random_bytes() and random_int() from PHP 7",
            "keywords": [
                "csprng",
                "polyfill",
                "pseudorandom",
                "random"
            ],
            "support": {
                "email": "info@paragonie.com",
                "issues": "https://github.com/paragonie/random_compat/issues",
                "source": "https://github.com/paragonie/random_compat"
            },
            "time": "2020-10-15T08:29:30+00:00"
        },
        {
            "name": "ramsey/uuid",
            "version": "3.9.6",
            "source": {
                "type": "git",
                "url": "https://github.com/ramsey/uuid.git",
                "reference": "ffa80ab953edd85d5b6c004f96181a538aad35a3"
            },
            "dist": {
                "type": "zip",
                "url": "https://api.github.com/repos/ramsey/uuid/zipball/ffa80ab953edd85d5b6c004f96181a538aad35a3",
                "reference": "ffa80ab953edd85d5b6c004f96181a538aad35a3",
                "shasum": ""
            },
            "require": {
                "ext-json": "*",
                "paragonie/random_compat": "^1 | ^2 | ^9.99.99",
                "php": "^5.4 | ^7.0 | ^8.0",
                "symfony/polyfill-ctype": "^1.8"
            },
            "replace": {
                "rhumsaa/uuid": "self.version"
            },
            "require-dev": {
                "codeception/aspect-mock": "^1 | ^2",
                "doctrine/annotations": "^1.2",
                "goaop/framework": "1.0.0-alpha.2 | ^1 | >=2.1.0 <=2.3.2",
                "mockery/mockery": "^0.9.11 | ^1",
                "moontoast/math": "^1.1",
                "nikic/php-parser": "<=4.5.0",
                "paragonie/random-lib": "^2",
                "php-mock/php-mock-phpunit": "^0.3 | ^1.1 | ^2.6",
                "php-parallel-lint/php-parallel-lint": "^1.3",
                "phpunit/phpunit": ">=4.8.36 <9.0.0 | >=9.3.0",
                "squizlabs/php_codesniffer": "^3.5",
                "yoast/phpunit-polyfills": "^1.0"
            },
            "suggest": {
                "ext-ctype": "Provides support for PHP Ctype functions",
                "ext-libsodium": "Provides the PECL libsodium extension for use with the SodiumRandomGenerator",
                "ext-openssl": "Provides the OpenSSL extension for use with the OpenSslGenerator",
                "ext-uuid": "Provides the PECL UUID extension for use with the PeclUuidTimeGenerator and PeclUuidRandomGenerator",
                "moontoast/math": "Provides support for converting UUID to 128-bit integer (in string form).",
                "paragonie/random-lib": "Provides RandomLib for use with the RandomLibAdapter",
                "ramsey/uuid-console": "A console application for generating UUIDs with ramsey/uuid",
                "ramsey/uuid-doctrine": "Allows the use of Ramsey\\Uuid\\Uuid as Doctrine field type."
            },
            "type": "library",
            "extra": {
                "branch-alias": {
                    "dev-master": "3.x-dev"
                }
            },
            "autoload": {
                "files": [
                    "src/functions.php"
                ],
                "psr-4": {
                    "Ramsey\\Uuid\\": "src/"
                }
            },
            "notification-url": "https://packagist.org/downloads/",
            "license": [
                "MIT"
            ],
            "authors": [
                {
                    "name": "Ben Ramsey",
                    "email": "ben@benramsey.com",
                    "homepage": "https://benramsey.com"
                },
                {
                    "name": "Marijn Huizendveld",
                    "email": "marijn.huizendveld@gmail.com"
                },
                {
                    "name": "Thibaud Fabre",
                    "email": "thibaud@aztech.io"
                }
            ],
            "description": "Formerly rhumsaa/uuid. A PHP 5.4+ library for generating RFC 4122 version 1, 3, 4, and 5 universally unique identifiers (UUID).",
            "homepage": "https://github.com/ramsey/uuid",
            "keywords": [
                "guid",
                "identifier",
                "uuid"
            ],
            "support": {
                "issues": "https://github.com/ramsey/uuid/issues",
                "rss": "https://github.com/ramsey/uuid/releases.atom",
                "source": "https://github.com/ramsey/uuid",
                "wiki": "https://github.com/ramsey/uuid/wiki"
            },
            "funding": [
                {
                    "url": "https://github.com/ramsey",
                    "type": "github"
                },
                {
                    "url": "https://tidelift.com/funding/github/packagist/ramsey/uuid",
                    "type": "tidelift"
                }
            ],
            "time": "2021-09-25T23:07:42+00:00"
        },
        {
            "name": "srag/activerecordconfig",
            "version": "0.20.7",
            "source": {
                "type": "git",
                "url": "https://github.com/fluxapps/ActiveRecordConfig.git",
                "reference": "e05c313e7792d0ce125a0ef854c4c15b5ca9d95d"
            },
            "dist": {
                "type": "zip",
                "url": "https://api.github.com/repos/fluxapps/ActiveRecordConfig/zipball/e05c313e7792d0ce125a0ef854c4c15b5ca9d95d",
                "reference": "e05c313e7792d0ce125a0ef854c4c15b5ca9d95d",
                "shasum": ""
            },
            "require": {
                "php": ">=7.0",
                "srag/custominputguis": ">=0.1.0",
                "srag/dic": ">=0.1.0"
            },
            "require-dev": {
                "srag/generateplugininfoshelper": ">=0.1.0"
            },
            "type": "library",
            "extra": {
                "ilias_plugin": {
                    "ilias_min_version": "5.4.0",
                    "ilias_max_version": "6.999"
                },
                "generate_plugin_readme_template": "ILIAS_LIBRARY",
                "long_description_template": "src/LONG_DESCRIPTION.md"
            },
            "autoload": {
                "psr-4": {
                    "srag\\ActiveRecordConfig\\": "src/"
                }
            },
            "notification-url": "https://packagist.org/downloads/",
            "license": [
                "GPL-3.0-only"
            ],
            "authors": [
                {
                    "name": "fluxlabs",
                    "email": "support@fluxlabs.ch",
                    "homepage": "https://fluxlabs.ch",
                    "role": "Developer"
                }
            ],
            "description": "Simple ActiveRecord config for ILIAS plugins",
            "homepage": "https://github.com/fluxapps/ActiveRecordConfig",
            "keywords": [
                "ILIAS",
                "activerecord",
                "config"
            ],
            "support": {
                "source": "https://github.com/fluxapps/ActiveRecordConfig/tree/v0.20.7"
            },
            "time": "2021-06-28T07:02:32+00:00"
        },
        {
            "name": "srag/custominputguis",
            "version": "0.43.2",
            "source": {
                "type": "git",
                "url": "https://github.com/fluxapps/CustomInputGUIs.git",
                "reference": "547ac0aaf7056848aac936b965e8847deb1cf415"
            },
            "dist": {
                "type": "zip",
                "url": "https://api.github.com/repos/fluxapps/CustomInputGUIs/zipball/547ac0aaf7056848aac936b965e8847deb1cf415",
                "reference": "547ac0aaf7056848aac936b965e8847deb1cf415",
                "shasum": ""
            },
            "require": {
                "php": ">=7.2",
                "srag/dic": ">=0.1.0"
            },
            "require-dev": {
                "srag/generateplugininfoshelper": ">=0.1.0"
            },
            "type": "library",
            "extra": {
                "ilias_plugin": {
                    "ilias_min_version": "6.0",
                    "ilias_max_version": "7.999"
                }
            },
            "autoload": {
                "psr-4": {
                    "srag\\CustomInputGUIs\\": "src/"
                },
                "classmap": [
                    "src/MultiSelectSearchNewInputGUI/class.ObjectChildrenAjaxAutoCompleteCtrl.php",
                    "src/MultiSelectSearchNewInputGUI/class.ObjectsAjaxAutoCompleteCtrl.php",
                    "src/MultiSelectSearchNewInputGUI/class.OrgUnitAjaxAutoCompleteCtrl.php",
                    "src/MultiSelectSearchNewInputGUI/class.UsersAjaxAutoCompleteCtrl.php"
                ]
            },
            "notification-url": "https://packagist.org/downloads/",
            "license": [
                "GPL-3.0-only"
            ],
            "authors": [
                {
                    "name": "fluxlabs",
                    "email": "support@fluxlabs.ch",
                    "homepage": "https://fluxlabs.ch",
                    "role": "Developer"
                }
            ],
            "description": "Custom Input-GUI's",
            "homepage": "https://github.com/fluxapps/CustomInputGUIs",
            "keywords": [
                "ILIAS",
                "PropertyForm",
                "gui",
                "input",
                "table"
            ],
            "support": {
                "source": "https://github.com/fluxapps/CustomInputGUIs/tree/v0.43.2"
            },
            "time": "2021-08-31T08:50:12+00:00"
        },
        {
            "name": "srag/dic",
            "version": "0.34.1",
            "source": {
                "type": "git",
                "url": "https://github.com/fluxapps/DIC.git",
                "reference": "d07315f7303e82982f78cdecce5f5aa83205a9e4"
            },
            "dist": {
                "type": "zip",
                "url": "https://api.github.com/repos/fluxapps/DIC/zipball/d07315f7303e82982f78cdecce5f5aa83205a9e4",
                "reference": "d07315f7303e82982f78cdecce5f5aa83205a9e4",
                "shasum": ""
            },
            "require": {
                "php": ">=7.2"
            },
            "require-dev": {
                "srag/generateplugininfoshelper": ">=0.1.0"
            },
            "type": "library",
            "extra": {
                "ilias_plugin": {
                    "ilias_min_version": "6.0",
                    "ilias_max_version": "7.999"
                }
            },
            "autoload": {
                "psr-4": {
                    "srag\\DIC\\": "src/"
                }
            },
            "notification-url": "https://packagist.org/downloads/",
            "license": [
                "GPL-3.0-only"
            ],
            "authors": [
                {
                    "name": "fluxlabs",
                    "email": "support@fluxlabs.ch",
                    "homepage": "https://fluxlabs.ch",
                    "role": "Developer"
                }
            ],
            "description": "Use all ILIAS globals in your class",
            "homepage": "https://github.com/fluxapps/DIC",
            "keywords": [
                "ILIAS",
                "dic",
                "globals",
                "trait"
            ],
            "support": {
                "source": "https://github.com/fluxapps/DIC/tree/v0.34.1"
            },
            "time": "2022-03-17T09:36:38+00:00"
        },
        {
            "name": "srag/librariesnamespacechanger",
            "version": "0.16.1",
            "source": {
                "type": "git",
                "url": "https://github.com/fluxapps/LibrariesNamespaceChanger.git",
                "reference": "186c543c88544ecf3907767e1645d4faf37dede0"
            },
            "dist": {
                "type": "zip",
                "url": "https://api.github.com/repos/fluxapps/LibrariesNamespaceChanger/zipball/186c543c88544ecf3907767e1645d4faf37dede0",
                "reference": "186c543c88544ecf3907767e1645d4faf37dede0",
                "shasum": ""
            },
            "require": {
                "php": ">=7.2"
            },
            "require-dev": {
                "srag/generateplugininfoshelper": ">=0.1.0"
            },
            "type": "library",
            "autoload": {
                "psr-4": {
                    "srag\\LibrariesNamespaceChanger\\": "src/"
                }
            },
            "notification-url": "https://packagist.org/downloads/",
            "license": [
                "GPL-3.0-only"
            ],
            "authors": [
                {
                    "name": "fluxlabs",
                    "email": "support@fluxlabs.ch",
                    "homepage": "https://fluxlabs.ch",
                    "role": "Developer"
                }
            ],
            "description": "Change namespace of libraries to plugin namespace",
            "homepage": "https://github.com/fluxapps/LibrariesNamespaceChanger",
            "keywords": [
                "changer",
                "libraries",
                "namespace"
            ],
            "support": {
                "source": "https://github.com/fluxapps/LibrariesNamespaceChanger/tree/v0.16.1"
            },
            "abandoned": "https://github.com/flux-caps/flux-namespace-changer",
            "time": "2021-07-20T08:31:26+00:00"
        },
        {
            "name": "srag/librarylanguageinstaller",
            "version": "1.2.1",
            "source": {
                "type": "git",
                "url": "https://github.com/fluxapps/LibraryLanguageInstaller.git",
                "reference": "7c0e146d92f66368e9c756bc89e257fc60ea3e59"
            },
            "dist": {
                "type": "zip",
                "url": "https://api.github.com/repos/fluxapps/LibraryLanguageInstaller/zipball/7c0e146d92f66368e9c756bc89e257fc60ea3e59",
                "reference": "7c0e146d92f66368e9c756bc89e257fc60ea3e59",
                "shasum": ""
            },
            "require": {
                "php": ">=7.2",
                "srag/dic": ">=0.1.0"
            },
            "require-dev": {
                "srag/generateplugininfoshelper": ">=0.1.0"
            },
            "type": "library",
            "extra": {
                "ilias_plugin": {
                    "ilias_min_version": "6.0",
                    "ilias_max_version": "7.999"
                }
            },
            "autoload": {
                "psr-4": {
                    "srag\\LibraryLanguageInstaller\\": "src/"
                }
            },
            "notification-url": "https://packagist.org/downloads/",
            "license": [
                "GPL-3.0-only"
            ],
            "authors": [
                {
                    "name": "fluxlabs",
                    "email": "support@fluxlabs.ch",
                    "homepage": "https://fluxlabs.ch",
                    "role": "Developer"
                }
            ],
            "description": "Install additional and external lang files for a plugin",
            "homepage": "https://github.com/fluxapps/LibraryLanguageInstaller",
            "keywords": [
                "ILIAS",
                "installer",
                "language",
                "library"
            ],
            "support": {
                "source": "https://github.com/fluxapps/LibraryLanguageInstaller/tree/v1.2.1"
            },
            "time": "2021-07-20T08:31:18+00:00"
        },
        {
            "name": "srag/removeplugindataconfirm",
            "version": "0.8.1",
            "source": {
                "type": "git",
                "url": "https://github.com/fluxapps/RemovePluginDataConfirm.git",
                "reference": "c2bdd6425e04edc3d49da36b0822ba2b33e21600"
            },
            "dist": {
                "type": "zip",
                "url": "https://api.github.com/repos/fluxapps/RemovePluginDataConfirm/zipball/c2bdd6425e04edc3d49da36b0822ba2b33e21600",
                "reference": "c2bdd6425e04edc3d49da36b0822ba2b33e21600",
                "shasum": ""
            },
            "require": {
                "php": ">=7.2",
                "srag/dic": ">=0.1.0",
                "srag/librarylanguageinstaller": ">=0.1.0"
            },
            "require-dev": {
                "srag/generateplugininfoshelper": ">=0.1.0"
            },
            "type": "library",
            "extra": {
                "ilias_plugin": {
                    "ilias_min_version": "6.0",
                    "ilias_max_version": "7.999"
                }
            },
            "autoload": {
                "psr-4": {
                    "srag\\RemovePluginDataConfirm\\": "src/"
                },
                "classmap": [
                    "src/class.RemovePluginDataConfirmCtrl.php"
                ]
            },
            "notification-url": "https://packagist.org/downloads/",
            "license": [
                "GPL-3.0-only"
            ],
            "authors": [
                {
                    "name": "fluxlabs",
                    "email": "support@fluxlabs.ch",
                    "homepage": "https://fluxlabs.ch",
                    "role": "Developer"
                }
            ],
            "description": "Demand if plugin data should be removed on uninstall",
            "homepage": "https://github.com/fluxapps/RemovePluginDataConfirm",
            "keywords": [
                "ILIAS",
                "confirm",
                "data",
                "plugin",
                "uninstall"
            ],
            "support": {
                "source": "https://github.com/fluxapps/RemovePluginDataConfirm/tree/v0.8.1"
            },
            "time": "2021-07-20T08:30:56+00:00"
        },
        {
            "name": "symfony/polyfill-ctype",
            "version": "v1.25.0",
            "source": {
                "type": "git",
                "url": "https://github.com/symfony/polyfill-ctype.git",
                "reference": "30885182c981ab175d4d034db0f6f469898070ab"
            },
            "dist": {
                "type": "zip",
                "url": "https://api.github.com/repos/symfony/polyfill-ctype/zipball/30885182c981ab175d4d034db0f6f469898070ab",
                "reference": "30885182c981ab175d4d034db0f6f469898070ab",
                "shasum": ""
            },
            "require": {
                "php": ">=7.1"
            },
            "provide": {
                "ext-ctype": "*"
            },
            "suggest": {
                "ext-ctype": "For best performance"
            },
            "type": "library",
            "extra": {
                "branch-alias": {
                    "dev-main": "1.23-dev"
                },
                "thanks": {
                    "name": "symfony/polyfill",
                    "url": "https://github.com/symfony/polyfill"
                }
            },
            "autoload": {
                "files": [
                    "bootstrap.php"
                ],
                "psr-4": {
                    "Symfony\\Polyfill\\Ctype\\": ""
                }
            },
            "notification-url": "https://packagist.org/downloads/",
            "license": [
                "MIT"
            ],
            "authors": [
                {
                    "name": "Gert de Pagter",
                    "email": "BackEndTea@gmail.com"
                },
                {
                    "name": "Symfony Community",
                    "homepage": "https://symfony.com/contributors"
                }
            ],
            "description": "Symfony polyfill for ctype functions",
            "homepage": "https://symfony.com",
            "keywords": [
                "compatibility",
                "ctype",
                "polyfill",
                "portable"
            ],
            "support": {
                "source": "https://github.com/symfony/polyfill-ctype/tree/v1.25.0"
            },
            "funding": [
                {
                    "url": "https://symfony.com/sponsor",
                    "type": "custom"
                },
                {
                    "url": "https://github.com/fabpot",
                    "type": "github"
                },
                {
                    "url": "https://tidelift.com/funding/github/packagist/symfony/symfony",
                    "type": "tidelift"
                }
            ],
            "time": "2021-10-20T20:35:02+00:00"
        }
    ],
    "packages-dev": [],
    "aliases": [],
    "minimum-stability": "stable",
    "stability-flags": [],
    "prefer-stable": false,
    "prefer-lowest": false,
    "platform": {
        "php": ">=7.0"
    },
    "platform-dev": [],
    "plugin-api-version": "2.3.0"
}
